
Microsoft Visual Studio Solution File, Format Version 12.00
# Visual Studio Version 16
VisualStudioVersion = 25.0.1705.0
MinimumVisualStudioVersion = 10.0.40219.1
Project("{FAE04EC0-301F-11D3-BF4B-00C04F79EFBC}") = "TSOMessageHub", "TSOMessageHub\TSOMessageHub.csproj", "{70DF954F-2041-4C49-9185-F58055EDA586}"
EndProject
Project("{FAE04EC0-301F-11D3-BF4B-00C04F79EFBC}") = "TSOMessageHub.DTOs", "TSOMessageHub.DTOs\TSOMessageHub.DTOs.csproj", "{25AA1217-9262-45B8-B3E9-8AB13E9DB22F}"
EndProject
Project("{FAE04EC0-301F-11D3-BF4B-00C04F79EFBC}") = "RemoteSignalAPI", "RemoteSignalAPI\RemoteSignalAPI.csproj", "{4EF49190-2891-4F7B-B455-8D8DAFC4A5FA}"
EndProject
Global
	GlobalSection(SolutionConfigurationPlatforms) = preSolution
		Debug|Any CPU = Debug|Any CPU
		Release|Any CPU = Release|Any CPU
	EndGlobalSection
	GlobalSection(ProjectConfigurationPlatforms) = postSolution
		{70DF954F-2041-4C49-9185-F58055EDA586}.Debug|Any CPU.ActiveCfg = Debug|Any CPU
		{70DF954F-2041-4C49-9185-F58055EDA586}.Debug|Any CPU.Build.0 = Debug|Any CPU
		{70DF954F-2041-4C49-9185-F58055EDA586}.Release|Any CPU.ActiveCfg = Release|Any CPU
		{70DF954F-2041-4C49-9185-F58055EDA586}.Release|Any CPU.Build.0 = Release|Any CPU
		{25AA1217-9262-45B8-B3E9-8AB13E9DB22F}.Debug|Any CPU.ActiveCfg = Debug|Any CPU
		{25AA1217-9262-45B8-B3E9-8AB13E9DB22F}.Debug|Any CPU.Build.0 = Debug|Any CPU
		{25AA1217-9262-45B8-B3E9-8AB13E9DB22F}.Release|Any CPU.ActiveCfg = Release|Any CPU
		{25AA1217-9262-45B8-B3E9-8AB13E9DB22F}.Release|Any CPU.Build.0 = Release|Any CPU
		{4EF49190-2891-4F7B-B455-8D8DAFC4A5FA}.Debug|Any CPU.ActiveCfg = Debug|Any CPU
		{4EF49190-2891-4F7B-B455-8D8DAFC4A5FA}.Debug|Any CPU.Build.0 = Debug|Any CPU
		{4EF49190-2891-4F7B-B455-8D8DAFC4A5FA}.Release|Any CPU.ActiveCfg = Release|Any CPU
		{4EF49190-2891-4F7B-B455-8D8DAFC4A5FA}.Release|Any CPU.Build.0 = Release|Any CPU
	EndGlobalSection
	GlobalSection(SolutionProperties) = preSolution
		HideSolutionNode = FALSE
	EndGlobalSection
	GlobalSection(ExtensibilityGlobals) = postSolution
		SolutionGuid = {9F0DAA71-66B5-4189-B4B3-4818F986AE33}
	EndGlobalSection
EndGlobal
